
Microsoft Visual Studio Solution File, Format Version 12.00
# Visual Studio Version 17
VisualStudioVersion = 17.2.32526.322
MinimumVisualStudioVersion = 10.0.40219.1
Project("{FAE04EC0-301F-11D3-BF4B-00C04F79EFBC}") = "CodeFirstWebApi", "CodeFirstWebApi\CodeFirstWebApi.csproj", "{C894E923-191B-4EAE-B36A-620BBE6CC1B5}"
EndProject
Project("{FAE04EC0-301F-11D3-BF4B-00C04F79EFBC}") = "DB", "DB\DB.csproj", "{FC681C99-6B71-40C4-BA09-E90EC004C98A}"
EndProject
Global
	GlobalSection(SolutionConfigurationPlatforms) = preSolution
		Debug|Any CPU = Debug|Any CPU
		Release|Any CPU = Release|Any CPU
	EndGlobalSection
	GlobalSection(ProjectConfigurationPlatforms) = postSolution
		{C894E923-191B-4EAE-B36A-620BBE6CC1B5}.Debug|Any CPU.ActiveCfg = Debug|Any CPU
		{C894E923-191B-4EAE-B36A-620BBE6CC1B5}.Debug|Any CPU.Build.0 = Debug|Any CPU
		{C894E923-191B-4EAE-B36A-620BBE6CC1B5}.Release|Any CPU.ActiveCfg = Release|Any CPU
		{C894E923-191B-4EAE-B36A-620BBE6CC1B5}.Release|Any CPU.Build.0 = Release|Any CPU
		{FC681C99-6B71-40C4-BA09-E90EC004C98A}.Debug|Any CPU.ActiveCfg = Debug|Any CPU
		{FC681C99-6B71-40C4-BA09-E90EC004C98A}.Debug|Any CPU.Build.0 = Debug|Any CPU
		{FC681C99-6B71-40C4-BA09-E90EC004C98A}.Release|Any CPU.ActiveCfg = Release|Any CPU
		{FC681C99-6B71-40C4-BA09-E90EC004C98A}.Release|Any CPU.Build.0 = Release|Any CPU
	EndGlobalSection
	GlobalSection(SolutionProperties) = preSolution
		HideSolutionNode = FALSE
	EndGlobalSection
	GlobalSection(ExtensibilityGlobals) = postSolution
		SolutionGuid = {CC78682B-133C-4289-8AE4-44D368464F49}
	EndGlobalSection
EndGlobal
